// !$*UTF8*$!
{
	archiveVersion = 1;
	classes = {
	};
	objectVersion = 55;
	objects = {

/* Begin PBXBuildFile section */
		271D4E1A2744C1E700474099 /* WidgetKit.framework in Frameworks */ = {isa = PBXBuildFile; fileRef = 271D4E192744C1E700474099 /* WidgetKit.framework */; };
		271D4E1C2744C1E700474099 /* SwiftUI.framework in Frameworks */ = {isa = PBXBuildFile; fileRef = 271D4E1B2744C1E700474099 /* SwiftUI.framework */; };
		271D4E1F2744C1E700474099 /* DevoteWidget.swift in Sources */ = {isa = PBXBuildFile; fileRef = 271D4E1E2744C1E700474099 /* DevoteWidget.swift */; };
		271D4E212744C1E800474099 /* Assets.xcassets in Resources */ = {isa = PBXBuildFile; fileRef = 271D4E202744C1E800474099 /* Assets.xcassets */; };
		271D4E252744C1E800474099 /* DevoteWidgetExtension.appex in Embed App Extensions */ = {isa = PBXBuildFile; fileRef = 271D4E172744C1E700474099 /* DevoteWidgetExtension.appex */; settings = {ATTRIBUTES = (RemoveHeadersOnCopy, ); }; };
		271D4E2A2748BECB00474099 /* notes.md in Resources */ = {isa = PBXBuildFile; fileRef = 276197F3273CFB490052DC4F /* notes.md */; };
		271D4E2B2748C2F700474099 /* Constant.swift in Sources */ = {isa = PBXBuildFile; fileRef = 276197FB273F07CB0052DC4F /* Constant.swift */; };
		271D4E2D2748C51E00474099 /* ConstantCoreData.swift in Sources */ = {isa = PBXBuildFile; fileRef = 271D4E2C2748C51E00474099 /* ConstantCoreData.swift */; };
		271D4E2E2748C67600474099 /* Assets.xcassets in Resources */ = {isa = PBXBuildFile; fileRef = 276197D7273CA4FD0052DC4F /* Assets.xcassets */; };
		2756276027408C150077221D /* NewTaskItemView.swift in Sources */ = {isa = PBXBuildFile; fileRef = 2756275F27408C150077221D /* NewTaskItemView.swift */; };
		2756276227409DB00077221D /* BlankView.swift in Sources */ = {isa = PBXBuildFile; fileRef = 2756276127409DB00077221D /* BlankView.swift */; };
		275627642741CDAC0077221D /* ListRowItemView.swift in Sources */ = {isa = PBXBuildFile; fileRef = 275627632741CDAC0077221D /* ListRowItemView.swift */; };
		275627662741DBB90077221D /* CheckboxStyle.swift in Sources */ = {isa = PBXBuildFile; fileRef = 275627652741DBB90077221D /* CheckboxStyle.swift */; };
		275627682742164B0077221D /* SoundPlayer.swift in Sources */ = {isa = PBXBuildFile; fileRef = 275627672742164B0077221D /* SoundPlayer.swift */; };
		276197D4273CA4FA0052DC4F /* DevoteApp.swift in Sources */ = {isa = PBXBuildFile; fileRef = 276197D3273CA4FA0052DC4F /* DevoteApp.swift */; };
		276197D6273CA4FA0052DC4F /* ContentView.swift in Sources */ = {isa = PBXBuildFile; fileRef = 276197D5273CA4FA0052DC4F /* ContentView.swift */; };
		276197D8273CA4FD0052DC4F /* Assets.xcassets in Resources */ = {isa = PBXBuildFile; fileRef = 276197D7273CA4FD0052DC4F /* Assets.xcassets */; };
		276197DB273CA4FD0052DC4F /* Preview Assets.xcassets in Resources */ = {isa = PBXBuildFile; fileRef = 276197DA273CA4FD0052DC4F /* Preview Assets.xcassets */; };
		276197DD273CA4FD0052DC4F /* Persistence.swift in Sources */ = {isa = PBXBuildFile; fileRef = 276197DC273CA4FD0052DC4F /* Persistence.swift */; };
		276197E0273CA4FD0052DC4F /* Devote.xcdatamodeld in Sources */ = {isa = PBXBuildFile; fileRef = 276197DE273CA4FD0052DC4F /* Devote.xcdatamodeld */; };
		276197E9273CAA870052DC4F /* sound-tap.mp3 in Resources */ = {isa = PBXBuildFile; fileRef = 276197E6273CAA870052DC4F /* sound-tap.mp3 */; };
		276197EA273CAA870052DC4F /* sound-ding.mp3 in Resources */ = {isa = PBXBuildFile; fileRef = 276197E7273CAA870052DC4F /* sound-ding.mp3 */; };
		276197EB273CAA870052DC4F /* sound-rise.mp3 in Resources */ = {isa = PBXBuildFile; fileRef = 276197E8273CAA870052DC4F /* sound-rise.mp3 */; };
		276197F4273CFB490052DC4F /* notes.md in Resources */ = {isa = PBXBuildFile; fileRef = 276197F3273CFB490052DC4F /* notes.md */; };
		276197F6273CFC270052DC4F /* NoteImages in Resources */ = {isa = PBXBuildFile; fileRef = 276197F5273CFC270052DC4F /* NoteImages */; };
		276197FC273F07CB0052DC4F /* Constant.swift in Sources */ = {isa = PBXBuildFile; fileRef = 276197FB273F07CB0052DC4F /* Constant.swift */; };
		276197FE273F50410052DC4F /* HideKeyboardExtension.swift in Sources */ = {isa = PBXBuildFile; fileRef = 276197FD273F50410052DC4F /* HideKeyboardExtension.swift */; };
		27619800273F7EBD0052DC4F /* BackgroundImageView.swift in Sources */ = {isa = PBXBuildFile; fileRef = 276197FF273F7EBD0052DC4F /* BackgroundImageView.swift */; };
/* End PBXBuildFile section */

/* Begin PBXContainerItemProxy section */
		271D4E232744C1E800474099 /* PBXContainerItemProxy */ = {
			isa = PBXContainerItemProxy;
			containerPortal = 276197C8273CA4FA0052DC4F /* Project object */;
			proxyType = 1;
			remoteGlobalIDString = 271D4E162744C1E700474099;
			remoteInfo = DevoteWidgetExtension;
		};
/* End PBXContainerItemProxy section */

/* Begin PBXCopyFilesBuildPhase section */
		271D4E262744C1E800474099 /* Embed App Extensions */ = {
			isa = PBXCopyFilesBuildPhase;
			buildActionMask = 2147483647;
			dstPath = "";
			dstSubfolderSpec = 13;
			files = (
				271D4E252744C1E800474099 /* DevoteWidgetExtension.appex in Embed App Extensions */,
			);
			name = "Embed App Extensions";
			runOnlyForDeploymentPostprocessing = 0;
		};
/* End PBXCopyFilesBuildPhase section */

/* Begin PBXFileReference section */
		271D4E172744C1E700474099 /* DevoteWidgetExtension.appex */ = {isa = PBXFileReference; explicitFileType = "wrapper.app-extension"; includeInIndex = 0; path = DevoteWidgetExtension.appex; sourceTree = BUILT_PRODUCTS_DIR; };
		271D4E192744C1E700474099 /* WidgetKit.framework */ = {isa = PBXFileReference; lastKnownFileType = wrapper.framework; name = WidgetKit.framework; path = System/Library/Frameworks/WidgetKit.framework; sourceTree = SDKROOT; };
		271D4E1B2744C1E700474099 /* SwiftUI.framework */ = {isa = PBXFileReference; lastKnownFileType = wrapper.framework; name = SwiftUI.framework; path = System/Library/Frameworks/SwiftUI.framework; sourceTree = SDKROOT; };
		271D4E1E2744C1E700474099 /* DevoteWidget.swift */ = {isa = PBXFileReference; lastKnownFileType = sourcecode.swift; path = DevoteWidget.swift; sourceTree = "<group>"; };
		271D4E202744C1E800474099 /* Assets.xcassets */ = {isa = PBXFileReference; lastKnownFileType = folder.assetcatalog; path = Assets.xcassets; sourceTree = "<group>"; };
		271D4E222744C1E800474099 /* Info.plist */ = {isa = PBXFileReference; lastKnownFileType = text.plist.xml; path = Info.plist; sourceTree = "<group>"; };
		271D4E2C2748C51E00474099 /* ConstantCoreData.swift */ = {isa = PBXFileReference; lastKnownFileType = sourcecode.swift; path = ConstantCoreData.swift; sourceTree = "<group>"; };
		2756275F27408C150077221D /* NewTaskItemView.swift */ = {isa = PBXFileReference; lastKnownFileType = sourcecode.swift; path = NewTaskItemView.swift; sourceTree = "<group>"; };
		2756276127409DB00077221D /* BlankView.swift */ = {isa = PBXFileReference; lastKnownFileType = sourcecode.swift; path = BlankView.swift; sourceTree = "<group>"; };
		275627632741CDAC0077221D /* ListRowItemView.swift */ = {isa = PBXFileReference; lastKnownFileType = sourcecode.swift; path = ListRowItemView.swift; sourceTree = "<group>"; };
		275627652741DBB90077221D /* CheckboxStyle.swift */ = {isa = PBXFileReference; lastKnownFileType = sourcecode.swift; path = CheckboxStyle.swift; sourceTree = "<group>"; };
		275627672742164B0077221D /* SoundPlayer.swift */ = {isa = PBXFileReference; lastKnownFileType = sourcecode.swift; path = SoundPlayer.swift; sourceTree = "<group>"; };
		276197D0273CA4FA0052DC4F /* Devote.app */ = {isa = PBXFileReference; explicitFileType = wrapper.application; includeInIndex = 0; path = Devote.app; sourceTree = BUILT_PRODUCTS_DIR; };
		276197D3273CA4FA0052DC4F /* DevoteApp.swift */ = {isa = PBXFileReference; lastKnownFileType = sourcecode.swift; path = DevoteApp.swift; sourceTree = "<group>"; };
		276197D5273CA4FA0052DC4F /* ContentView.swift */ = {isa = PBXFileReference; lastKnownFileType = sourcecode.swift; path = ContentView.swift; sourceTree = "<group>"; };
		276197D7273CA4FD0052DC4F /* Assets.xcassets */ = {isa = PBXFileReference; lastKnownFileType = folder.assetcatalog; path = Assets.xcassets; sourceTree = "<group>"; };
		276197DA273CA4FD0052DC4F /* Preview Assets.xcassets */ = {isa = PBXFileReference; lastKnownFileType = folder.assetcatalog; path = "Preview Assets.xcassets"; sourceTree = "<group>"; };
		276197DC273CA4FD0052DC4F /* Persistence.swift */ = {isa = PBXFileReference; lastKnownFileType = sourcecode.swift; path = Persistence.swift; sourceTree = "<group>"; };
		276197DF273CA4FD0052DC4F /* Devote.xcdatamodel */ = {isa = PBXFileReference; lastKnownFileType = wrapper.xcdatamodel; path = Devote.xcdatamodel; sourceTree = "<group>"; };
		276197E6273CAA870052DC4F /* sound-tap.mp3 */ = {isa = PBXFileReference; lastKnownFileType = audio.mp3; path = "sound-tap.mp3"; sourceTree = "<group>"; };
		276197E7273CAA870052DC4F /* sound-ding.mp3 */ = {isa = PBXFileReference; lastKnownFileType = audio.mp3; path = "sound-ding.mp3"; sourceTree = "<group>"; };
		276197E8273CAA870052DC4F /* sound-rise.mp3 */ = {isa = PBXFileReference; lastKnownFileType = audio.mp3; path = "sound-rise.mp3"; sourceTree = "<group>"; };
		276197F2273CACDD0052DC4F /* Info.plist */ = {isa = PBXFileReference; lastKnownFileType = text.plist; path = Info.plist; sourceTree = "<group>"; };
		276197F3273CFB490052DC4F /* notes.md */ = {isa = PBXFileReference; fileEncoding = 4; lastKnownFileType = net.daringfireball.markdown; name = notes.md; path = Devote/notes.md; sourceTree = SOURCE_ROOT; };
		276197F5273CFC270052DC4F /* NoteImages */ = {isa = PBXFileReference; fileEncoding = 4; lastKnownFileType = text; name = NoteImages; path = Devote/NoteImages; sourceTree = SOURCE_ROOT; };
		276197FB273F07CB0052DC4F /* Constant.swift */ = {isa = PBXFileReference; lastKnownFileType = sourcecode.swift; path = Constant.swift; sourceTree = "<group>"; };
		276197FD273F50410052DC4F /* HideKeyboardExtension.swift */ = {isa = PBXFileReference; lastKnownFileType = sourcecode.swift; path = HideKeyboardExtension.swift; sourceTree = "<group>"; };
		276197FF273F7EBD0052DC4F /* BackgroundImageView.swift */ = {isa = PBXFileReference; lastKnownFileType = sourcecode.swift; path = BackgroundImageView.swift; sourceTree = "<group>"; };
/* End PBXFileReference section */

/* Begin PBXFrameworksBuildPhase section */
		271D4E142744C1E700474099 /* Frameworks */ = {
			isa = PBXFrameworksBuildPhase;
			buildActionMask = 2147483647;
			files = (
				271D4E1C2744C1E700474099 /* SwiftUI.framework in Frameworks */,
				271D4E1A2744C1E700474099 /* WidgetKit.framework in Frameworks */,
			);
			runOnlyForDeploymentPostprocessing = 0;
		};
		276197CD273CA4FA0052DC4F /* Frameworks */ = {
			isa = PBXFrameworksBuildPhase;
			buildActionMask = 2147483647;
			files = (
			);
			runOnlyForDeploymentPostprocessing = 0;
		};
/* End PBXFrameworksBuildPhase section */

/* Begin PBXGroup section */
		271D4E182744C1E700474099 /* Frameworks */ = {
			isa = PBXGroup;
			children = (
				271D4E192744C1E700474099 /* WidgetKit.framework */,
				271D4E1B2744C1E700474099 /* SwiftUI.framework */,
			);
			name = Frameworks;
			sourceTree = "<group>";
		};
		271D4E1D2744C1E700474099 /* DevoteWidget */ = {
			isa = PBXGroup;
			children = (
				271D4E1E2744C1E700474099 /* DevoteWidget.swift */,
				271D4E202744C1E800474099 /* Assets.xcassets */,
				271D4E222744C1E800474099 /* Info.plist */,
			);
			path = DevoteWidget;
			sourceTree = "<group>";
		};
		276197C7273CA4FA0052DC4F = {
			isa = PBXGroup;
			children = (
				276197D2273CA4FA0052DC4F /* Devote */,
				271D4E1D2744C1E700474099 /* DevoteWidget */,
				271D4E182744C1E700474099 /* Frameworks */,
				276197D1273CA4FA0052DC4F /* Products */,
			);
			sourceTree = "<group>";
		};
		276197D1273CA4FA0052DC4F /* Products */ = {
			isa = PBXGroup;
			children = (
				276197D0273CA4FA0052DC4F /* Devote.app */,
				271D4E172744C1E700474099 /* DevoteWidgetExtension.appex */,
			);
			name = Products;
			sourceTree = "<group>";
		};
		276197D2273CA4FA0052DC4F /* Devote */ = {
			isa = PBXGroup;
			children = (
				276197F5273CFC270052DC4F /* NoteImages */,
				276197F3273CFB490052DC4F /* notes.md */,
				276197F2273CACDD0052DC4F /* Info.plist */,
				276197D3273CA4FA0052DC4F /* DevoteApp.swift */,
				276197F1273CABC90052DC4F /* Model */,
				276197ED273CAAFA0052DC4F /* View */,
				276197EF273CAB390052DC4F /* Utility */,
				276197EE273CAB300052DC4F /* Extension */,
				276197EC273CAABC0052DC4F /* Sound */,
				276197F0273CAB730052DC4F /* Style */,
				276197D7273CA4FD0052DC4F /* Assets.xcassets */,
				276197D9273CA4FD0052DC4F /* Preview Content */,
			);
			path = Devote;
			sourceTree = "<group>";
		};
		276197D9273CA4FD0052DC4F /* Preview Content */ = {
			isa = PBXGroup;
			children = (
				276197DA273CA4FD0052DC4F /* Preview Assets.xcassets */,
			);
			path = "Preview Content";
			sourceTree = "<group>";
		};
		276197EC273CAABC0052DC4F /* Sound */ = {
			isa = PBXGroup;
			children = (
				276197E7273CAA870052DC4F /* sound-ding.mp3 */,
				276197E8273CAA870052DC4F /* sound-rise.mp3 */,
				276197E6273CAA870052DC4F /* sound-tap.mp3 */,
			);
			path = Sound;
			sourceTree = "<group>";
		};
		276197ED273CAAFA0052DC4F /* View */ = {
			isa = PBXGroup;
			children = (
				276197D5273CA4FA0052DC4F /* ContentView.swift */,
				276197FF273F7EBD0052DC4F /* BackgroundImageView.swift */,
				2756275F27408C150077221D /* NewTaskItemView.swift */,
				2756276127409DB00077221D /* BlankView.swift */,
				275627632741CDAC0077221D /* ListRowItemView.swift */,
			);
			path = View;
			sourceTree = "<group>";
		};
		276197EE273CAB300052DC4F /* Extension */ = {
			isa = PBXGroup;
			children = (
				276197FD273F50410052DC4F /* HideKeyboardExtension.swift */,
			);
			path = Extension;
			sourceTree = "<group>";
		};
		276197EF273CAB390052DC4F /* Utility */ = {
			isa = PBXGroup;
			children = (
				276197FB273F07CB0052DC4F /* Constant.swift */,
				275627672742164B0077221D /* SoundPlayer.swift */,
				271D4E2C2748C51E00474099 /* ConstantCoreData.swift */,
			);
			path = Utility;
			sourceTree = "<group>";
		};
		276197F0273CAB730052DC4F /* Style */ = {
			isa = PBXGroup;
			children = (
				275627652741DBB90077221D /* CheckboxStyle.swift */,
			);
			path = Style;
			sourceTree = "<group>";
		};
		276197F1273CABC90052DC4F /* Model */ = {
			isa = PBXGroup;
			children = (
				276197DC273CA4FD0052DC4F /* Persistence.swift */,
				276197DE273CA4FD0052DC4F /* Devote.xcdatamodeld */,
			);
			path = Model;
			sourceTree = "<group>";
		};
/* End PBXGroup section */

/* Begin PBXNativeTarget section */
		271D4E162744C1E700474099 /* DevoteWidgetExtension */ = {
			isa = PBXNativeTarget;
			buildConfigurationList = 271D4E292744C1E800474099 /* Build configuration list for PBXNativeTarget "DevoteWidgetExtension" */;
			buildPhases = (
				271D4E132744C1E700474099 /* Sources */,
				271D4E142744C1E700474099 /* Frameworks */,
				271D4E152744C1E700474099 /* Resources */,
			);
			buildRules = (
			);
			dependencies = (
			);
			name = DevoteWidgetExtension;
			productName = DevoteWidgetExtension;
			productReference = 271D4E172744C1E700474099 /* DevoteWidgetExtension.appex */;
			productType = "com.apple.product-type.app-extension";
		};
		276197CF273CA4FA0052DC4F /* Devote */ = {
			isa = PBXNativeTarget;
			buildConfigurationList = 276197E3273CA4FD0052DC4F /* Build configuration list for PBXNativeTarget "Devote" */;
			buildPhases = (
				276197CC273CA4FA0052DC4F /* Sources */,
				276197CD273CA4FA0052DC4F /* Frameworks */,
				276197CE273CA4FA0052DC4F /* Resources */,
				271D4E262744C1E800474099 /* Embed App Extensions */,
			);
			buildRules = (
			);
			dependencies = (
				271D4E242744C1E800474099 /* PBXTargetDependency */,
			);
			name = Devote;
			productName = Devote;
			productReference = 276197D0273CA4FA0052DC4F /* Devote.app */;
			productType = "com.apple.product-type.application";
		};
/* End PBXNativeTarget section */

/* Begin PBXProject section */
		276197C8273CA4FA0052DC4F /* Project object */ = {
			isa = PBXProject;
			attributes = {
				BuildIndependentTargetsInParallel = 1;
				LastSwiftUpdateCheck = 1310;
				LastUpgradeCheck = 1310;
				TargetAttributes = {
					271D4E162744C1E700474099 = {
						CreatedOnToolsVersion = 13.1;
					};
					276197CF273CA4FA0052DC4F = {
						CreatedOnToolsVersion = 13.1;
					};
				};
			};
			buildConfigurationList = 276197CB273CA4FA0052DC4F /* Build configuration list for PBXProject "Devote" */;
			compatibilityVersion = "Xcode 13.0";
			developmentRegion = en;
			hasScannedForEncodings = 0;
			knownRegions = (
				en,
				Base,
			);
			mainGroup = 276197C7273CA4FA0052DC4F;
			productRefGroup = 276197D1273CA4FA0052DC4F /* Products */;
			projectDirPath = "";
			projectRoot = "";
			targets = (
				276197CF273CA4FA0052DC4F /* Devote */,
				271D4E162744C1E700474099 /* DevoteWidgetExtension */,
			);
		};
/* End PBXProject section */

/* Begin PBXResourcesBuildPhase section */
		271D4E152744C1E700474099 /* Resources */ = {
			isa = PBXResourcesBuildPhase;
			buildActionMask = 2147483647;
			files = (
				271D4E2A2748BECB00474099 /* notes.md in Resources */,
				271D4E2E2748C67600474099 /* Assets.xcassets in Resources */,
				271D4E212744C1E800474099 /* Assets.xcassets in Resources */,
			);
			runOnlyForDeploymentPostprocessing = 0;
		};
		276197CE273CA4FA0052DC4F /* Resources */ = {
			isa = PBXResourcesBuildPhase;
			buildActionMask = 2147483647;
			files = (
				276197EB273CAA870052DC4F /* sound-rise.mp3 in Resources */,
				276197EA273CAA870052DC4F /* sound-ding.mp3 in Resources */,
				276197F6273CFC270052DC4F /* NoteImages in Resources */,
				276197E9273CAA870052DC4F /* sound-tap.mp3 in Resources */,
				276197DB273CA4FD0052DC4F /* Preview Assets.xcassets in Resources */,
				276197F4273CFB490052DC4F /* notes.md in Resources */,
				276197D8273CA4FD0052DC4F /* Assets.xcassets in Resources */,
			);
			runOnlyForDeploymentPostprocessing = 0;
		};
/* End PBXResourcesBuildPhase section */

/* Begin PBXSourcesBuildPhase section */
		271D4E132744C1E700474099 /* Sources */ = {
			isa = PBXSourcesBuildPhase;
			buildActionMask = 2147483647;
			files = (
				271D4E1F2744C1E700474099 /* DevoteWidget.swift in Sources */,
				271D4E2B2748C2F700474099 /* Constant.swift in Sources */,
			);
			runOnlyForDeploymentPostprocessing = 0;
		};
		276197CC273CA4FA0052DC4F /* Sources */ = {
			isa = PBXSourcesBuildPhase;
			buildActionMask = 2147483647;
			files = (
				276197DD273CA4FD0052DC4F /* Persistence.swift in Sources */,
				27619800273F7EBD0052DC4F /* BackgroundImageView.swift in Sources */,
				276197D6273CA4FA0052DC4F /* ContentView.swift in Sources */,
				276197FE273F50410052DC4F /* HideKeyboardExtension.swift in Sources */,
				2756276227409DB00077221D /* BlankView.swift in Sources */,
				276197FC273F07CB0052DC4F /* Constant.swift in Sources */,
				275627642741CDAC0077221D /* ListRowItemView.swift in Sources */,
				271D4E2D2748C51E00474099 /* ConstantCoreData.swift in Sources */,
				276197E0273CA4FD0052DC4F /* Devote.xcdatamodeld in Sources */,
				276197D4273CA4FA0052DC4F /* DevoteApp.swift in Sources */,
				275627662741DBB90077221D /* CheckboxStyle.swift in Sources */,
				275627682742164B0077221D /* SoundPlayer.swift in Sources */,
				2756276027408C150077221D /* NewTaskItemView.swift in Sources */,
			);
			runOnlyForDeploymentPostprocessing = 0;
		};
/* End PBXSourcesBuildPhase section */

/* Begin PBXTargetDependency section */
		271D4E242744C1E800474099 /* PBXTargetDependency */ = {
			isa = PBXTargetDependency;
			target = 271D4E162744C1E700474099 /* DevoteWidgetExtension */;
			targetProxy = 271D4E232744C1E800474099 /* PBXContainerItemProxy */;
		};
/* End PBXTargetDependency section */

/* Begin XCBuildConfiguration section */
		271D4E272744C1E800474099 /* Debug */ = {
			isa = XCBuildConfiguration;
			buildSettings = {
				ASSETCATALOG_COMPILER_GLOBAL_ACCENT_COLOR_NAME = AccentColor;
				ASSETCATALOG_COMPILER_WIDGET_BACKGROUND_COLOR_NAME = WidgetBackground;
				CODE_SIGN_STYLE = Automatic;
				CURRENT_PROJECT_VERSION = 1;
				DEVELOPMENT_TEAM = D9566M9PU5;
				GENERATE_INFOPLIST_FILE = YES;
				INFOPLIST_FILE = DevoteWidget/Info.plist;
				INFOPLIST_KEY_CFBundleDisplayName = DevoteWidget;
				INFOPLIST_KEY_NSHumanReadableCopyright = "";
				LD_RUNPATH_SEARCH_PATHS = (
					"$(inherited)",
					"@executable_path/Frameworks",
					"@executable_path/../../Frameworks",
				);
				MARKETING_VERSION = 1.0;
				PRODUCT_BUNDLE_IDENTIFIER = org.allnightstarparty.credo.acadamy.test.series.a.Devote.DevoteWidget;
				PRODUCT_NAME = "$(TARGET_NAME)";
				SKIP_INSTALL = YES;
				SWIFT_EMIT_LOC_STRINGS = YES;
				SWIFT_VERSION = 5.0;
				TARGETED_DEVICE_FAMILY = "1,2";
			};
			name = Debug;
		};
		271D4E282744C1E800474099 /* Release */ = {
			isa = XCBuildConfiguration;
			buildSettings = {
				ASSETCATALOG_COMPILER_GLOBAL_ACCENT_COLOR_NAME = AccentColor;
				ASSETCATALOG_COMPILER_WIDGET_BACKGROUND_COLOR_NAME = WidgetBackground;
				CODE_SIGN_STYLE = Automatic;
				CURRENT_PROJECT_VERSION = 1;
				DEVELOPMENT_TEAM = D9566M9PU5;
				GENERATE_INFOPLIST_FILE = YES;
				INFOPLIST_FILE = DevoteWidget/Info.plist;
				INFOPLIST_KEY_CFBundleDisplayName = DevoteWidget;
				INFOPLIST_KEY_NSHumanReadableCopyright = "";
				LD_RUNPATH_SEARCH_PATHS = (
					"$(inherited)",
					"@executable_path/Frameworks",
					"@executable_path/../../Frameworks",
				);
				MARKETING_VERSION = 1.0;
				PRODUCT_BUNDLE_IDENTIFIER = org.allnightstarparty.credo.acadamy.test.series.a.Devote.DevoteWidget;
				PRODUCT_NAME = "$(TARGET_NAME)";
				SKIP_INSTALL = YES;
				SWIFT_EMIT_LOC_STRINGS = YES;
				SWIFT_VERSION = 5.0;
				TARGETED_DEVICE_FAMILY = "1,2";
			};
			name = Release;
		};
		276197E1273CA4FD0052DC4F /* Debug */ = {
			isa = XCBuildConfiguration;
			buildSettings = {
				ALWAYS_SEARCH_USER_PATHS = NO;
				CLANG_ANALYZER_NONNULL = YES;
				CLANG_ANALYZER_NUMBER_OBJECT_CONVERSION = YES_AGGRESSIVE;
				CLANG_CXX_LANGUAGE_STANDARD = "gnu++17";
				CLANG_CXX_LIBRARY = "libc++";
				CLANG_ENABLE_MODULES = YES;
				CLANG_ENABLE_OBJC_ARC = YES;
				CLANG_ENABLE_OBJC_WEAK = YES;
				CLANG_WARN_BLOCK_CAPTURE_AUTORELEASING = YES;
				CLANG_WARN_BOOL_CONVERSION = YES;
				CLANG_WARN_COMMA = YES;
				CLANG_WARN_CONSTANT_CONVERSION = YES;
				CLANG_WARN_DEPRECATED_OBJC_IMPLEMENTATIONS = YES;
				CLANG_WARN_DIRECT_OBJC_ISA_USAGE = YES_ERROR;
				CLANG_WARN_DOCUMENTATION_COMMENTS = YES;
				CLANG_WARN_EMPTY_BODY = YES;
				CLANG_WARN_ENUM_CONVERSION = YES;
				CLANG_WARN_INFINITE_RECURSION = YES;
				CLANG_WARN_INT_CONVERSION = YES;
				CLANG_WARN_NON_LITERAL_NULL_CONVERSION = YES;
				CLANG_WARN_OBJC_IMPLICIT_RETAIN_SELF = YES;
				CLANG_WARN_OBJC_LITERAL_CONVERSION = YES;
				CLANG_WARN_OBJC_ROOT_CLASS = YES_ERROR;
				CLANG_WARN_QUOTED_INCLUDE_IN_FRAMEWORK_HEADER = YES;
				CLANG_WARN_RANGE_LOOP_ANALYSIS = YES;
				CLANG_WARN_STRICT_PROTOTYPES = YES;
				CLANG_WARN_SUSPICIOUS_MOVE = YES;
				CLANG_WARN_UNGUARDED_AVAILABILITY = YES_AGGRESSIVE;
				CLANG_WARN_UNREACHABLE_CODE = YES;
				CLANG_WARN__DUPLICATE_METHOD_MATCH = YES;
				COPY_PHASE_STRIP = NO;
				DEBUG_INFORMATION_FORMAT = dwarf;
				ENABLE_STRICT_OBJC_MSGSEND = YES;
				ENABLE_TESTABILITY = YES;
				GCC_C_LANGUAGE_STANDARD = gnu11;
				GCC_DYNAMIC_NO_PIC = NO;
				GCC_NO_COMMON_BLOCKS = YES;
				GCC_OPTIMIZATION_LEVEL = 0;
				GCC_PREPROCESSOR_DEFINITIONS = (
					"DEBUG=1",
					"$(inherited)",
				);
				GCC_WARN_64_TO_32_BIT_CONVERSION = YES;
				GCC_WARN_ABOUT_RETURN_TYPE = YES_ERROR;
				GCC_WARN_UNDECLARED_SELECTOR = YES;
				GCC_WARN_UNINITIALIZED_AUTOS = YES_AGGRESSIVE;
				GCC_WARN_UNUSED_FUNCTION = YES;
				GCC_WARN_UNUSED_VARIABLE = YES;
				IPHONEOS_DEPLOYMENT_TARGET = 15.0;
				MTL_ENABLE_DEBUG_INFO = INCLUDE_SOURCE;
				MTL_FAST_MATH = YES;
				ONLY_ACTIVE_ARCH = YES;
				SDKROOT = iphoneos;
				SWIFT_ACTIVE_COMPILATION_CONDITIONS = DEBUG;
				SWIFT_OPTIMIZATION_LEVEL = "-Onone";
			};
			name = Debug;
		};
		276197E2273CA4FD0052DC4F /* Release */ = {
			isa = XCBuildConfiguration;
			buildSettings = {
				ALWAYS_SEARCH_USER_PATHS = NO;
				CLANG_ANALYZER_NONNULL = YES;
				CLANG_ANALYZER_NUMBER_OBJECT_CONVERSION = YES_AGGRESSIVE;
				CLANG_CXX_LANGUAGE_STANDARD = "gnu++17";
				CLANG_CXX_LIBRARY = "libc++";
				CLANG_ENABLE_MODULES = YES;
				CLANG_ENABLE_OBJC_ARC = YES;
				CLANG_ENABLE_OBJC_WEAK = YES;
				CLANG_WARN_BLOCK_CAPTURE_AUTORELEASING = YES;
				CLANG_WARN_BOOL_CONVERSION = YES;
				CLANG_WARN_COMMA = YES;
				CLANG_WARN_CONSTANT_CONVERSION = YES;
				CLANG_WARN_DEPRECATED_OBJC_IMPLEMENTATIONS = YES;
				CLANG_WARN_DIRECT_OBJC_ISA_USAGE = YES_ERROR;
				CLANG_WARN_DOCUMENTATION_COMMENTS = YES;
				CLANG_WARN_EMPTY_BODY = YES;
				CLANG_WARN_ENUM_CONVERSION = YES;
				CLANG_WARN_INFINITE_RECURSION = YES;
				CLANG_WARN_INT_CONVERSION = YES;
				CLANG_WARN_NON_LITERAL_NULL_CONVERSION = YES;
				CLANG_WARN_OBJC_IMPLICIT_RETAIN_SELF = YES;
				CLANG_WARN_OBJC_LITERAL_CONVERSION = YES;
				CLANG_WARN_OBJC_ROOT_CLASS = YES_ERROR;
				CLANG_WARN_QUOTED_INCLUDE_IN_FRAMEWORK_HEADER = YES;
				CLANG_WARN_RANGE_LOOP_ANALYSIS = YES;
				CLANG_WARN_STRICT_PROTOTYPES = YES;
				CLANG_WARN_SUSPICIOUS_MOVE = YES;
				CLANG_WARN_UNGUARDED_AVAILABILITY = YES_AGGRESSIVE;
				CLANG_WARN_UNREACHABLE_CODE = YES;
				CLANG_WARN__DUPLICATE_METHOD_MATCH = YES;
				COPY_PHASE_STRIP = NO;
				DEBUG_INFORMATION_FORMAT = "dwarf-with-dsym";
				ENABLE_NS_ASSERTIONS = NO;
				ENABLE_STRICT_OBJC_MSGSEND = YES;
				GCC_C_LANGUAGE_STANDARD = gnu11;
				GCC_NO_COMMON_BLOCKS = YES;
				GCC_WARN_64_TO_32_BIT_CONVERSION = YES;
				GCC_WARN_ABOUT_RETURN_TYPE = YES_ERROR;
				GCC_WARN_UNDECLARED_SELECTOR = YES;
				GCC_WARN_UNINITIALIZED_AUTOS = YES_AGGRESSIVE;
				GCC_WARN_UNUSED_FUNCTION = YES;
				GCC_WARN_UNUSED_VARIABLE = YES;
				IPHONEOS_DEPLOYMENT_TARGET = 15.0;
				MTL_ENABLE_DEBUG_INFO = NO;
				MTL_FAST_MATH = YES;
				SDKROOT = iphoneos;
				SWIFT_COMPILATION_MODE = wholemodule;
				SWIFT_OPTIMIZATION_LEVEL = "-O";
				VALIDATE_PRODUCT = YES;
			};
			name = Release;
		};
		276197E4273CA4FD0052DC4F /* Debug */ = {
			isa = XCBuildConfiguration;
			buildSettings = {
				ALWAYS_EMBED_SWIFT_STANDARD_LIBRARIES = YES;
				ASSETCATALOG_COMPILER_APPICON_NAME = AppIcon;
				ASSETCATALOG_COMPILER_GLOBAL_ACCENT_COLOR_NAME = AccentColor;
				CODE_SIGN_STYLE = Automatic;
				CURRENT_PROJECT_VERSION = 1;
				DEVELOPMENT_ASSET_PATHS = "\"Devote/Preview Content\"";
				DEVELOPMENT_TEAM = D9566M9PU5;
				ENABLE_PREVIEWS = YES;
				GENERATE_INFOPLIST_FILE = YES;
				INFOPLIST_FILE = Devote/Info.plist;
				INFOPLIST_KEY_UIApplicationSceneManifest_Generation = YES;
				INFOPLIST_KEY_UIApplicationSupportsIndirectInputEvents = YES;
				INFOPLIST_KEY_UISupportedInterfaceOrientations = UIInterfaceOrientationPortrait;
				INFOPLIST_KEY_UISupportedInterfaceOrientations_iPad = "UIInterfaceOrientationPortrait UIInterfaceOrientationPortraitUpsideDown UIInterfaceOrientationLandscapeLeft UIInterfaceOrientationLandscapeRight";
				INFOPLIST_KEY_UISupportedInterfaceOrientations_iPhone = "UIInterfaceOrientationPortrait UIInterfaceOrientationLandscapeLeft UIInterfaceOrientationLandscapeRight";
				LD_RUNPATH_SEARCH_PATHS = (
					"$(inherited)",
					"@executable_path/Frameworks",
				);
				MARKETING_VERSION = 1.0;
				PRODUCT_BUNDLE_IDENTIFIER = org.allnightstarparty.credo.acadamy.test.series.a.Devote;
				PRODUCT_NAME = "$(TARGET_NAME)";
				SWIFT_EMIT_LOC_STRINGS = YES;
				SWIFT_VERSION = 5.0;
				TARGETED_DEVICE_FAMILY = "1,2";
			};
			name = Debug;
		};
		276197E5273CA4FD0052DC4F /* Release */ = {
			isa = XCBuildConfiguration;
			buildSettings = {
				ALWAYS_EMBED_SWIFT_STANDARD_LIBRARIES = YES;
				ASSETCATALOG_COMPILER_APPICON_NAME = AppIcon;
				ASSETCATALOG_COMPILER_GLOBAL_ACCENT_COLOR_NAME = AccentColor;
				CODE_SIGN_STYLE = Automatic;
				CURRENT_PROJECT_VERSION = 1;
				DEVELOPMENT_ASSET_PATHS = "\"Devote/Preview Content\"";
				DEVELOPMENT_TEAM = D9566M9PU5;
				ENABLE_PREVIEWS = YES;
				GENERATE_INFOPLIST_FILE = YES;
				INFOPLIST_FILE = Devote/Info.plist;
				INFOPLIST_KEY_UIApplicationSceneManifest_Generation = YES;
				INFOPLIST_KEY_UIApplicationSupportsIndirectInputEvents = YES;
				INFOPLIST_KEY_UISupportedInterfaceOrientations = UIInterfaceOrientationPortrait;
				INFOPLIST_KEY_UISupportedInterfaceOrientations_iPad = "UIInterfaceOrientationPortrait UIInterfaceOrientationPortraitUpsideDown UIInterfaceOrientationLandscapeLeft UIInterfaceOrientationLandscapeRight";
				INFOPLIST_KEY_UISupportedInterfaceOrientations_iPhone = "UIInterfaceOrientationPortrait UIInterfaceOrientationLandscapeLeft UIInterfaceOrientationLandscapeRight";
				LD_RUNPATH_SEARCH_PATHS = (
					"$(inherited)",
					"@executable_path/Frameworks",
				);
				MARKETING_VERSION = 1.0;
				PRODUCT_BUNDLE_IDENTIFIER = org.allnightstarparty.credo.acadamy.test.series.a.Devote;
				PRODUCT_NAME = "$(TARGET_NAME)";
				SWIFT_EMIT_LOC_STRINGS = YES;
				SWIFT_VERSION = 5.0;
				TARGETED_DEVICE_FAMILY = "1,2";
			};
			name = Release;
		};
/* End XCBuildConfiguration section */

/* Begin XCConfigurationList section */
		271D4E292744C1E800474099 /* Build configuration list for PBXNativeTarget "DevoteWidgetExtension" */ = {
			isa = XCConfigurationList;
			buildConfigurations = (
				271D4E272744C1E800474099 /* Debug */,
				271D4E282744C1E800474099 /* Release */,
			);
			defaultConfigurationIsVisible = 0;
			defaultConfigurationName = Release;
		};
		276197CB273CA4FA0052DC4F /* Build configuration list for PBXProject "Devote" */ = {
			isa = XCConfigurationList;
			buildConfigurations = (
				276197E1273CA4FD0052DC4F /* Debug */,
				276197E2273CA4FD0052DC4F /* Release */,
			);
			defaultConfigurationIsVisible = 0;
			defaultConfigurationName = Release;
		};
		276197E3273CA4FD0052DC4F /* Build configuration list for PBXNativeTarget "Devote" */ = {
			isa = XCConfigurationList;
			buildConfigurations = (
				276197E4273CA4FD0052DC4F /* Debug */,
				276197E5273CA4FD0052DC4F /* Release */,
			);
			defaultConfigurationIsVisible = 0;
			defaultConfigurationName = Release;
		};
/* End XCConfigurationList section */

/* Begin XCVersionGroup section */
		276197DE273CA4FD0052DC4F /* Devote.xcdatamodeld */ = {
			isa = XCVersionGroup;
			children = (
				276197DF273CA4FD0052DC4F /* Devote.xcdatamodel */,
			);
			currentVersion = 276197DF273CA4FD0052DC4F /* Devote.xcdatamodel */;
			path = Devote.xcdatamodeld;
			sourceTree = "<group>";
			versionGroupType = wrapper.xcdatamodel;
		};
/* End XCVersionGroup section */
	};
	rootObject = 276197C8273CA4FA0052DC4F /* Project object */;
}
